
Microsoft Visual Studio Solution File, Format Version 12.00
# Visual Studio Version 17
VisualStudioVersion = 17.1.32414.318
MinimumVisualStudioVersion = 10.0.40219.1
Project("{FAE04EC0-301F-11D3-BF4B-00C04F79EFBC}") = "Learning 101", "Learning 101\Learning 101.csproj", "{3BE0DD44-AF89-4CA3-A8C4-A888D372008D}"
EndProject
Global
	GlobalSection(SolutionConfigurationPlatforms) = preSolution
		Debug|Any CPU = Debug|Any CPU
		Release|Any CPU = Release|Any CPU
	EndGlobalSection
	GlobalSection(ProjectConfigurationPlatforms) = postSolution
		{3BE0DD44-AF89-4CA3-A8C4-A888D372008D}.Debug|Any CPU.ActiveCfg = Debug|Any CPU
		{3BE0DD44-AF89-4CA3-A8C4-A888D372008D}.Debug|Any CPU.Build.0 = Debug|Any CPU
		{3BE0DD44-AF89-4CA3-A8C4-A888D372008D}.Release|Any CPU.ActiveCfg = Release|Any CPU
		{3BE0DD44-AF89-4CA3-A8C4-A888D372008D}.Release|Any CPU.Build.0 = Release|Any CPU
	EndGlobalSection
	GlobalSection(SolutionProperties) = preSolution
		HideSolutionNode = FALSE
	EndGlobalSection
	GlobalSection(ExtensibilityGlobals) = postSolution
		SolutionGuid = {DC95ECCD-91D0-481E-AFBC-81C4F86B54E6}
	EndGlobalSection
EndGlobal
